
Microsoft Visual Studio Solution File, Format Version 12.00
Project("{FAE04EC0-301F-11D3-BF4B-00C04F79EFBC}") = "BlkBuilder", "BlkBuilder\BlkBuilder.csproj", "{D1F33724-A16E-4D30-B99B-2DC7B712C4C1}"
EndProject
Global
	GlobalSection(SolutionConfigurationPlatforms) = preSolution
		Debug|Any CPU = Debug|Any CPU
		Release|Any CPU = Release|Any CPU
	EndGlobalSection
	GlobalSection(ProjectConfigurationPlatforms) = postSolution
		{D1F33724-A16E-4D30-B99B-2DC7B712C4C1}.Debug|Any CPU.ActiveCfg = Debug|Any CPU
		{D1F33724-A16E-4D30-B99B-2DC7B712C4C1}.Debug|Any CPU.Build.0 = Debug|Any CPU
		{D1F33724-A16E-4D30-B99B-2DC7B712C4C1}.Release|Any CPU.ActiveCfg = Release|Any CPU
		{D1F33724-A16E-4D30-B99B-2DC7B712C4C1}.Release|Any CPU.Build.0 = Release|Any CPU
	EndGlobalSection
EndGlobal
